// !$*UTF8*$!
{
	archiveVersion = 1;
	classes = {
	};
	objectVersion = 46;
	objects = {

/* Begin PBXBuildFile section */
		3F84C6111F071EB2007037F9 /* buildapp.command in Resources */ = {isa = PBXBuildFile; fileRef = 3F84C6101F071EB2007037F9 /* buildapp.command */; };
		3FB085411F06CF8000DBAD73 /* AppDelegate.swift in Sources */ = {isa = PBXBuildFile; fileRef = 3FB085401F06CF8000DBAD73 /* AppDelegate.swift */; };
		3FB085431F06CF8000DBAD73 /* Assets.xcassets in Resources */ = {isa = PBXBuildFile; fileRef = 3FB085421F06CF8000DBAD73 /* Assets.xcassets */; };
		3FB085461F06CF8000DBAD73 /* MainMenu.xib in Resources */ = {isa = PBXBuildFile; fileRef = 3FB085441F06CF8000DBAD73 /* MainMenu.xib */; };
		3FB085511F06CF8000DBAD73 /* WebAppMakerTests.swift in Sources */ = {isa = PBXBuildFile; fileRef = 3FB085501F06CF8000DBAD73 /* WebAppMakerTests.swift */; };
		3FB0855C1F06CF8000DBAD73 /* WebAppMakerUITests.swift in Sources */ = {isa = PBXBuildFile; fileRef = 3FB0855B1F06CF8000DBAD73 /* WebAppMakerUITests.swift */; };
		3FF9799B1F071B37000C1EEB /* WebApp.zip in Resources */ = {isa = PBXBuildFile; fileRef = 3FF9799A1F071B37000C1EEB /* WebApp.zip */; };
/* End PBXBuildFile section */

/* Begin PBXContainerItemProxy section */
		3FB0854D1F06CF8000DBAD73 /* PBXContainerItemProxy */ = {
			isa = PBXContainerItemProxy;
			containerPortal = 3FB085351F06CF8000DBAD73 /* Project object */;
			proxyType = 1;
			remoteGlobalIDString = 3FB0853C1F06CF8000DBAD73;
			remoteInfo = WebAppMaker;
		};
		3FB085581F06CF8000DBAD73 /* PBXContainerItemProxy */ = {
			isa = PBXContainerItemProxy;
			containerPortal = 3FB085351F06CF8000DBAD73 /* Project object */;
			proxyType = 1;
			remoteGlobalIDString = 3FB0853C1F06CF8000DBAD73;
			remoteInfo = WebAppMaker;
		};
/* End PBXContainerItemProxy section */

/* Begin PBXFileReference section */
		3F84C6101F071EB2007037F9 /* buildapp.command */ = {isa = PBXFileReference; fileEncoding = 4; lastKnownFileType = text.script.sh; path = buildapp.command; sourceTree = "<group>"; };
		3FB0853D1F06CF8000DBAD73 /* WebAppMaker.app */ = {isa = PBXFileReference; explicitFileType = wrapper.application; includeInIndex = 0; path = WebAppMaker.app; sourceTree = BUILT_PRODUCTS_DIR; };
		3FB085401F06CF8000DBAD73 /* AppDelegate.swift */ = {isa = PBXFileReference; lastKnownFileType = sourcecode.swift; path = AppDelegate.swift; sourceTree = "<group>"; };
		3FB085421F06CF8000DBAD73 /* Assets.xcassets */ = {isa = PBXFileReference; lastKnownFileType = folder.assetcatalog; path = Assets.xcassets; sourceTree = "<group>"; };
		3FB085451F06CF8000DBAD73 /* Base */ = {isa = PBXFileReference; lastKnownFileType = file.xib; name = Base; path = Base.lproj/MainMenu.xib; sourceTree = "<group>"; };
		3FB085471F06CF8000DBAD73 /* Info.plist */ = {isa = PBXFileReference; lastKnownFileType = text.plist.xml; path = Info.plist; sourceTree = "<group>"; };
		3FB0854C1F06CF8000DBAD73 /* WebAppMakerTests.xctest */ = {isa = PBXFileReference; explicitFileType = wrapper.cfbundle; includeInIndex = 0; path = WebAppMakerTests.xctest; sourceTree = BUILT_PRODUCTS_DIR; };
		3FB085501F06CF8000DBAD73 /* WebAppMakerTests.swift */ = {isa = PBXFileReference; lastKnownFileType = sourcecode.swift; path = WebAppMakerTests.swift; sourceTree = "<group>"; };
		3FB085521F06CF8000DBAD73 /* Info.plist */ = {isa = PBXFileReference; lastKnownFileType = text.plist.xml; path = Info.plist; sourceTree = "<group>"; };
		3FB085571F06CF8000DBAD73 /* WebAppMakerUITests.xctest */ = {isa = PBXFileReference; explicitFileType = wrapper.cfbundle; includeInIndex = 0; path = WebAppMakerUITests.xctest; sourceTree = BUILT_PRODUCTS_DIR; };
		3FB0855B1F06CF8000DBAD73 /* WebAppMakerUITests.swift */ = {isa = PBXFileReference; lastKnownFileType = sourcecode.swift; path = WebAppMakerUITests.swift; sourceTree = "<group>"; };
		3FB0855D1F06CF8000DBAD73 /* Info.plist */ = {isa = PBXFileReference; lastKnownFileType = text.plist.xml; path = Info.plist; sourceTree = "<group>"; };
		3FF9799A1F071B37000C1EEB /* WebApp.zip */ = {isa = PBXFileReference; lastKnownFileType = archive.zip; path = WebApp.zip; sourceTree = "<group>"; };
/* End PBXFileReference section */

/* Begin PBXFrameworksBuildPhase section */
		3FB0853A1F06CF8000DBAD73 /* Frameworks */ = {
			isa = PBXFrameworksBuildPhase;
			buildActionMask = 2147483647;
			files = (
			);
			runOnlyForDeploymentPostprocessing = 0;
		};
		3FB085491F06CF8000DBAD73 /* Frameworks */ = {
			isa = PBXFrameworksBuildPhase;
			buildActionMask = 2147483647;
			files = (
			);
			runOnlyForDeploymentPostprocessing = 0;
		};
		3FB085541F06CF8000DBAD73 /* Frameworks */ = {
			isa = PBXFrameworksBuildPhase;
			buildActionMask = 2147483647;
			files = (
			);
			runOnlyForDeploymentPostprocessing = 0;
		};
/* End PBXFrameworksBuildPhase section */

/* Begin PBXGroup section */
		3FB085341F06CF8000DBAD73 = {
			isa = PBXGroup;
			children = (
				3FB0853F1F06CF8000DBAD73 /* WebAppMaker */,
				3FB0854F1F06CF8000DBAD73 /* WebAppMakerTests */,
				3FB0855A1F06CF8000DBAD73 /* WebAppMakerUITests */,
				3FB0853E1F06CF8000DBAD73 /* Products */,
			);
			sourceTree = "<group>";
		};
		3FB0853E1F06CF8000DBAD73 /* Products */ = {
			isa = PBXGroup;
			children = (
				3FB0853D1F06CF8000DBAD73 /* WebAppMaker.app */,
				3FB0854C1F06CF8000DBAD73 /* WebAppMakerTests.xctest */,
				3FB085571F06CF8000DBAD73 /* WebAppMakerUITests.xctest */,
			);
			name = Products;
			sourceTree = "<group>";
		};
		3FB0853F1F06CF8000DBAD73 /* WebAppMaker */ = {
			isa = PBXGroup;
			children = (
				3FF9799A1F071B37000C1EEB /* WebApp.zip */,
				3FB085401F06CF8000DBAD73 /* AppDelegate.swift */,
				3F84C6101F071EB2007037F9 /* buildapp.command */,
				3FB085421F06CF8000DBAD73 /* Assets.xcassets */,
				3FB085441F06CF8000DBAD73 /* MainMenu.xib */,
				3FB085471F06CF8000DBAD73 /* Info.plist */,
			);
			path = WebAppMaker;
			sourceTree = "<group>";
		};
		3FB0854F1F06CF8000DBAD73 /* WebAppMakerTests */ = {
			isa = PBXGroup;
			children = (
				3FB085501F06CF8000DBAD73 /* WebAppMakerTests.swift */,
				3FB085521F06CF8000DBAD73 /* Info.plist */,
			);
			path = WebAppMakerTests;
			sourceTree = "<group>";
		};
		3FB0855A1F06CF8000DBAD73 /* WebAppMakerUITests */ = {
			isa = PBXGroup;
			children = (
				3FB0855B1F06CF8000DBAD73 /* WebAppMakerUITests.swift */,
				3FB0855D1F06CF8000DBAD73 /* Info.plist */,
			);
			path = WebAppMakerUITests;
			sourceTree = "<group>";
		};
/* End PBXGroup section */

/* Begin PBXNativeTarget section */
		3FB0853C1F06CF8000DBAD73 /* WebAppMaker */ = {
			isa = PBXNativeTarget;
			buildConfigurationList = 3FB085601F06CF8000DBAD73 /* Build configuration list for PBXNativeTarget "WebAppMaker" */;
			buildPhases = (
				3FB085391F06CF8000DBAD73 /* Sources */,
				3FB0853A1F06CF8000DBAD73 /* Frameworks */,
				3FB0853B1F06CF8000DBAD73 /* Resources */,
			);
			buildRules = (
			);
			dependencies = (
			);
			name = WebAppMaker;
			productName = WebAppMaker;
			productReference = 3FB0853D1F06CF8000DBAD73 /* WebAppMaker.app */;
			productType = "com.apple.product-type.application";
		};
		3FB0854B1F06CF8000DBAD73 /* WebAppMakerTests */ = {
			isa = PBXNativeTarget;
			buildConfigurationList = 3FB085631F06CF8000DBAD73 /* Build configuration list for PBXNativeTarget "WebAppMakerTests" */;
			buildPhases = (
				3FB085481F06CF8000DBAD73 /* Sources */,
				3FB085491F06CF8000DBAD73 /* Frameworks */,
				3FB0854A1F06CF8000DBAD73 /* Resources */,
			);
			buildRules = (
			);
			dependencies = (
				3FB0854E1F06CF8000DBAD73 /* PBXTargetDependency */,
			);
			name = WebAppMakerTests;
			productName = WebAppMakerTests;
			productReference = 3FB0854C1F06CF8000DBAD73 /* WebAppMakerTests.xctest */;
			productType = "com.apple.product-type.bundle.unit-test";
		};
		3FB085561F06CF8000DBAD73 /* WebAppMakerUITests */ = {
			isa = PBXNativeTarget;
			buildConfigurationList = 3FB085661F06CF8000DBAD73 /* Build configuration list for PBXNativeTarget "WebAppMakerUITests" */;
			buildPhases = (
				3FB085531F06CF8000DBAD73 /* Sources */,
				3FB085541F06CF8000DBAD73 /* Frameworks */,
				3FB085551F06CF8000DBAD73 /* Resources */,
			);
			buildRules = (
			);
			dependencies = (
				3FB085591F06CF8000DBAD73 /* PBXTargetDependency */,
			);
			name = WebAppMakerUITests;
			productName = WebAppMakerUITests;
			productReference = 3FB085571F06CF8000DBAD73 /* WebAppMakerUITests.xctest */;
			productType = "com.apple.product-type.bundle.ui-testing";
		};
/* End PBXNativeTarget section */

/* Begin PBXProject section */
		3FB085351F06CF8000DBAD73 /* Project object */ = {
			isa = PBXProject;
			attributes = {
				LastSwiftUpdateCheck = 0810;
				LastUpgradeCheck = 0810;
				ORGANIZATIONNAME = student;
				TargetAttributes = {
					3FB0853C1F06CF8000DBAD73 = {
						CreatedOnToolsVersion = 8.1;
						ProvisioningStyle = Automatic;
						SystemCapabilities = {
							com.apple.ApplicationGroups.Mac = {
								enabled = 0;
							};
							com.apple.Sandbox = {
								enabled = 0;
							};
						};
					};
					3FB0854B1F06CF8000DBAD73 = {
						CreatedOnToolsVersion = 8.1;
						ProvisioningStyle = Automatic;
						TestTargetID = 3FB0853C1F06CF8000DBAD73;
					};
					3FB085561F06CF8000DBAD73 = {
						CreatedOnToolsVersion = 8.1;
						ProvisioningStyle = Automatic;
						TestTargetID = 3FB0853C1F06CF8000DBAD73;
					};
				};
			};
			buildConfigurationList = 3FB085381F06CF8000DBAD73 /* Build configuration list for PBXProject "WebAppMaker" */;
			compatibilityVersion = "Xcode 3.2";
			developmentRegion = English;
			hasScannedForEncodings = 0;
			knownRegions = (
				en,
				Base,
			);
			mainGroup = 3FB085341F06CF8000DBAD73;
			productRefGroup = 3FB0853E1F06CF8000DBAD73 /* Products */;
			projectDirPath = "";
			projectRoot = "";
			targets = (
				3FB0853C1F06CF8000DBAD73 /* WebAppMaker */,
				3FB0854B1F06CF8000DBAD73 /* WebAppMakerTests */,
				3FB085561F06CF8000DBAD73 /* WebAppMakerUITests */,
			);
		};
/* End PBXProject section */

/* Begin PBXResourcesBuildPhase section */
		3FB0853B1F06CF8000DBAD73 /* Resources */ = {
			isa = PBXResourcesBuildPhase;
			buildActionMask = 2147483647;
			files = (
				3FB085431F06CF8000DBAD73 /* Assets.xcassets in Resources */,
				3FF9799B1F071B37000C1EEB /* WebApp.zip in Resources */,
				3F84C6111F071EB2007037F9 /* buildapp.command in Resources */,
				3FB085461F06CF8000DBAD73 /* MainMenu.xib in Resources */,
			);
			runOnlyForDeploymentPostprocessing = 0;
		};
		3FB0854A1F06CF8000DBAD73 /* Resources */ = {
			isa = PBXResourcesBuildPhase;
			buildActionMask = 2147483647;
			files = (
			);
			runOnlyForDeploymentPostprocessing = 0;
		};
		3FB085551F06CF8000DBAD73 /* Resources */ = {
			isa = PBXResourcesBuildPhase;
			buildActionMask = 2147483647;
			files = (
			);
			runOnlyForDeploymentPostprocessing = 0;
		};
/* End PBXResourcesBuildPhase section */

/* Begin PBXSourcesBuildPhase section */
		3FB085391F06CF8000DBAD73 /* Sources */ = {
			isa = PBXSourcesBuildPhase;
			buildActionMask = 2147483647;
			files = (
				3FB085411F06CF8000DBAD73 /* AppDelegate.swift in Sources */,
			);
			runOnlyForDeploymentPostprocessing = 0;
		};
		3FB085481F06CF8000DBAD73 /* Sources */ = {
			isa = PBXSourcesBuildPhase;
			buildActionMask = 2147483647;
			files = (
				3FB085511F06CF8000DBAD73 /* WebAppMakerTests.swift in Sources */,
			);
			runOnlyForDeploymentPostprocessing = 0;
		};
		3FB085531F06CF8000DBAD73 /* Sources */ = {
			isa = PBXSourcesBuildPhase;
			buildActionMask = 2147483647;
			files = (
				3FB0855C1F06CF8000DBAD73 /* WebAppMakerUITests.swift in Sources */,
			);
			runOnlyForDeploymentPostprocessing = 0;
		};
/* End PBXSourcesBuildPhase section */

/* Begin PBXTargetDependency section */
		3FB0854E1F06CF8000DBAD73 /* PBXTargetDependency */ = {
			isa = PBXTargetDependency;
			target = 3FB0853C1F06CF8000DBAD73 /* WebAppMaker */;
			targetProxy = 3FB0854D1F06CF8000DBAD73 /* PBXContainerItemProxy */;
		};
		3FB085591F06CF8000DBAD73 /* PBXTargetDependency */ = {
			isa = PBXTargetDependency;
			target = 3FB0853C1F06CF8000DBAD73 /* WebAppMaker */;
			targetProxy = 3FB085581F06CF8000DBAD73 /* PBXContainerItemProxy */;
		};
/* End PBXTargetDependency section */

/* Begin PBXVariantGroup section */
		3FB085441F06CF8000DBAD73 /* MainMenu.xib */ = {
			isa = PBXVariantGroup;
			children = (
				3FB085451F06CF8000DBAD73 /* Base */,
			);
			name = MainMenu.xib;
			sourceTree = "<group>";
		};
/* End PBXVariantGroup section */

/* Begin XCBuildConfiguration section */
		3FB0855E1F06CF8000DBAD73 /* Debug */ = {
			isa = XCBuildConfiguration;
			buildSettings = {
				ALWAYS_SEARCH_USER_PATHS = NO;
				CLANG_ANALYZER_NONNULL = YES;
				CLANG_CXX_LANGUAGE_STANDARD = "gnu++0x";
				CLANG_CXX_LIBRARY = "libc++";
				CLANG_ENABLE_MODULES = YES;
				CLANG_ENABLE_OBJC_ARC = YES;
				CLANG_WARN_BOOL_CONVERSION = YES;
				CLANG_WARN_CONSTANT_CONVERSION = YES;
				CLANG_WARN_DIRECT_OBJC_ISA_USAGE = YES_ERROR;
				CLANG_WARN_DOCUMENTATION_COMMENTS = YES;
				CLANG_WARN_EMPTY_BODY = YES;
				CLANG_WARN_ENUM_CONVERSION = YES;
				CLANG_WARN_INFINITE_RECURSION = YES;
				CLANG_WARN_INT_CONVERSION = YES;
				CLANG_WARN_OBJC_ROOT_CLASS = YES_ERROR;
				CLANG_WARN_SUSPICIOUS_MOVES = YES;
				CLANG_WARN_UNREACHABLE_CODE = YES;
				CLANG_WARN__DUPLICATE_METHOD_MATCH = YES;
				CODE_SIGN_IDENTITY = "-";
				COPY_PHASE_STRIP = NO;
				DEBUG_INFORMATION_FORMAT = dwarf;
				ENABLE_STRICT_OBJC_MSGSEND = YES;
				ENABLE_TESTABILITY = YES;
				GCC_C_LANGUAGE_STANDARD = gnu99;
				GCC_DYNAMIC_NO_PIC = NO;
				GCC_NO_COMMON_BLOCKS = YES;
				GCC_OPTIMIZATION_LEVEL = 0;
				GCC_PREPROCESSOR_DEFINITIONS = (
					"DEBUG=1",
					"$(inherited)",
				);
				GCC_WARN_64_TO_32_BIT_CONVERSION = YES;
				GCC_WARN_ABOUT_RETURN_TYPE = YES_ERROR;
				GCC_WARN_UNDECLARED_SELECTOR = YES;
				GCC_WARN_UNINITIALIZED_AUTOS = YES_AGGRESSIVE;
				GCC_WARN_UNUSED_FUNCTION = YES;
				GCC_WARN_UNUSED_VARIABLE = YES;
				MACOSX_DEPLOYMENT_TARGET = 10.12;
				MTL_ENABLE_DEBUG_INFO = YES;
				ONLY_ACTIVE_ARCH = YES;
				SDKROOT = macosx;
				SWIFT_ACTIVE_COMPILATION_CONDITIONS = DEBUG;
				SWIFT_OPTIMIZATION_LEVEL = "-Onone";
			};
			name = Debug;
		};
		3FB0855F1F06CF8000DBAD73 /* Release */ = {
			isa = XCBuildConfiguration;
			buildSettings = {
				ALWAYS_SEARCH_USER_PATHS = NO;
				CLANG_ANALYZER_NONNULL = YES;
				CLANG_CXX_LANGUAGE_STANDARD = "gnu++0x";
				CLANG_CXX_LIBRARY = "libc++";
				CLANG_ENABLE_MODULES = YES;
				CLANG_ENABLE_OBJC_ARC = YES;
				CLANG_WARN_BOOL_CONVERSION = YES;
				CLANG_WARN_CONSTANT_CONVERSION = YES;
				CLANG_WARN_DIRECT_OBJC_ISA_USAGE = YES_ERROR;
				CLANG_WARN_DOCUMENTATION_COMMENTS = YES;
				CLANG_WARN_EMPTY_BODY = YES;
				CLANG_WARN_ENUM_CONVERSION = YES;
				CLANG_WARN_INFINITE_RECURSION = YES;
				CLANG_WARN_INT_CONVERSION = YES;
				CLANG_WARN_OBJC_ROOT_CLASS = YES_ERROR;
				CLANG_WARN_SUSPICIOUS_MOVES = YES;
				CLANG_WARN_UNREACHABLE_CODE = YES;
				CLANG_WARN__DUPLICATE_METHOD_MATCH = YES;
				CODE_SIGN_IDENTITY = "-";
				COPY_PHASE_STRIP = NO;
				DEBUG_INFORMATION_FORMAT = "dwarf-with-dsym";
				ENABLE_NS_ASSERTIONS = NO;
				ENABLE_STRICT_OBJC_MSGSEND = YES;
				GCC_C_LANGUAGE_STANDARD = gnu99;
				GCC_NO_COMMON_BLOCKS = YES;
				GCC_WARN_64_TO_32_BIT_CONVERSION = YES;
				GCC_WARN_ABOUT_RETURN_TYPE = YES_ERROR;
				GCC_WARN_UNDECLARED_SELECTOR = YES;
				GCC_WARN_UNINITIALIZED_AUTOS = YES_AGGRESSIVE;
				GCC_WARN_UNUSED_FUNCTION = YES;
				GCC_WARN_UNUSED_VARIABLE = YES;
				MACOSX_DEPLOYMENT_TARGET = 10.12;
				MTL_ENABLE_DEBUG_INFO = NO;
				SDKROOT = macosx;
				SWIFT_OPTIMIZATION_LEVEL = "-Owholemodule";
			};
			name = Release;
		};
		3FB085611F06CF8000DBAD73 /* Debug */ = {
			isa = XCBuildConfiguration;
			buildSettings = {
				ASSETCATALOG_COMPILER_APPICON_NAME = AppIcon;
				COMBINE_HIDPI_IMAGES = YES;
				INFOPLIST_FILE = WebAppMaker/Info.plist;
				LD_RUNPATH_SEARCH_PATHS = "$(inherited) @executable_path/../Frameworks";
				MACOSX_DEPLOYMENT_TARGET = 10.9;
				PRODUCT_BUNDLE_IDENTIFIER = web.WebAppMaker;
				PRODUCT_NAME = "$(TARGET_NAME)";
				SWIFT_VERSION = 3.0;
			};
			name = Debug;
		};
		3FB085621F06CF8000DBAD73 /* Release */ = {
			isa = XCBuildConfiguration;
			buildSettings = {
				ASSETCATALOG_COMPILER_APPICON_NAME = AppIcon;
				COMBINE_HIDPI_IMAGES = YES;
				INFOPLIST_FILE = WebAppMaker/Info.plist;
				LD_RUNPATH_SEARCH_PATHS = "$(inherited) @executable_path/../Frameworks";
				MACOSX_DEPLOYMENT_TARGET = 10.9;
				PRODUCT_BUNDLE_IDENTIFIER = web.WebAppMaker;
				PRODUCT_NAME = "$(TARGET_NAME)";
				SWIFT_VERSION = 3.0;
			};
			name = Release;
		};
		3FB085641F06CF8000DBAD73 /* Debug */ = {
			isa = XCBuildConfiguration;
			buildSettings = {
				ALWAYS_EMBED_SWIFT_STANDARD_LIBRARIES = YES;
				BUNDLE_LOADER = "$(TEST_HOST)";
				COMBINE_HIDPI_IMAGES = YES;
				INFOPLIST_FILE = WebAppMakerTests/Info.plist;
				LD_RUNPATH_SEARCH_PATHS = "$(inherited) @executable_path/../Frameworks @loader_path/../Frameworks";
				PRODUCT_BUNDLE_IDENTIFIER = web.WebAppMakerTests;
				PRODUCT_NAME = "$(TARGET_NAME)";
				SWIFT_VERSION = 3.0;
				TEST_HOST = "$(BUILT_PRODUCTS_DIR)/WebAppMaker.app/Contents/MacOS/WebAppMaker";
			};
			name = Debug;
		};
		3FB085651F06CF8000DBAD73 /* Release */ = {
			isa = XCBuildConfiguration;
			buildSettings = {
				ALWAYS_EMBED_SWIFT_STANDARD_LIBRARIES = YES;
				BUNDLE_LOADER = "$(TEST_HOST)";
				COMBINE_HIDPI_IMAGES = YES;
				INFOPLIST_FILE = WebAppMakerTests/Info.plist;
				LD_RUNPATH_SEARCH_PATHS = "$(inherited) @executable_path/../Frameworks @loader_path/../Frameworks";
				PRODUCT_BUNDLE_IDENTIFIER = web.WebAppMakerTests;
				PRODUCT_NAME = "$(TARGET_NAME)";
				SWIFT_VERSION = 3.0;
				TEST_HOST = "$(BUILT_PRODUCTS_DIR)/WebAppMaker.app/Contents/MacOS/WebAppMaker";
			};
			name = Release;
		};
		3FB085671F06CF8000DBAD73 /* Debug */ = {
			isa = XCBuildConfiguration;
			buildSettings = {
				ALWAYS_EMBED_SWIFT_STANDARD_LIBRARIES = YES;
				COMBINE_HIDPI_IMAGES = YES;
				INFOPLIST_FILE = WebAppMakerUITests/Info.plist;
				LD_RUNPATH_SEARCH_PATHS = "$(inherited) @executable_path/../Frameworks @loader_path/../Frameworks";
				PRODUCT_BUNDLE_IDENTIFIER = web.WebAppMakerUITests;
				PRODUCT_NAME = "$(TARGET_NAME)";
				SWIFT_VERSION = 3.0;
				TEST_TARGET_NAME = WebAppMaker;
			};
			name = Debug;
		};
		3FB085681F06CF8000DBAD73 /* Release */ = {
			isa = XCBuildConfiguration;
			buildSettings = {
				ALWAYS_EMBED_SWIFT_STANDARD_LIBRARIES = YES;
				COMBINE_HIDPI_IMAGES = YES;
				INFOPLIST_FILE = WebAppMakerUITests/Info.plist;
				LD_RUNPATH_SEARCH_PATHS = "$(inherited) @executable_path/../Frameworks @loader_path/../Frameworks";
				PRODUCT_BUNDLE_IDENTIFIER = web.WebAppMakerUITests;
				PRODUCT_NAME = "$(TARGET_NAME)";
				SWIFT_VERSION = 3.0;
				TEST_TARGET_NAME = WebAppMaker;
			};
			name = Release;
		};
/* End XCBuildConfiguration section */

/* Begin XCConfigurationList section */
		3FB085381F06CF8000DBAD73 /* Build configuration list for PBXProject "WebAppMaker" */ = {
			isa = XCConfigurationList;
			buildConfigurations = (
				3FB0855E1F06CF8000DBAD73 /* Debug */,
				3FB0855F1F06CF8000DBAD73 /* Release */,
			);
			defaultConfigurationIsVisible = 0;
			defaultConfigurationName = Release;
		};
		3FB085601F06CF8000DBAD73 /* Build configuration list for PBXNativeTarget "WebAppMaker" */ = {
			isa = XCConfigurationList;
			buildConfigurations = (
				3FB085611F06CF8000DBAD73 /* Debug */,
				3FB085621F06CF8000DBAD73 /* Release */,
			);
			defaultConfigurationIsVisible = 0;
			defaultConfigurationName = Release;
		};
		3FB085631F06CF8000DBAD73 /* Build configuration list for PBXNativeTarget "WebAppMakerTests" */ = {
			isa = XCConfigurationList;
			buildConfigurations = (
				3FB085641F06CF8000DBAD73 /* Debug */,
				3FB085651F06CF8000DBAD73 /* Release */,
			);
			defaultConfigurationIsVisible = 0;
			defaultConfigurationName = Release;
		};
		3FB085661F06CF8000DBAD73 /* Build configuration list for PBXNativeTarget "WebAppMakerUITests" */ = {
			isa = XCConfigurationList;
			buildConfigurations = (
				3FB085671F06CF8000DBAD73 /* Debug */,
				3FB085681F06CF8000DBAD73 /* Release */,
			);
			defaultConfigurationIsVisible = 0;
			defaultConfigurationName = Release;
		};
/* End XCConfigurationList section */
	};
	rootObject = 3FB085351F06CF8000DBAD73 /* Project object */;
}
